
Microsoft Visual Studio Solution File, Format Version 12.00
# Visual Studio Version 17
VisualStudioVersion = 17.11.35327.3
MinimumVisualStudioVersion = 10.0.40219.1
Project("{FAE04EC0-301F-11D3-BF4B-00C04F79EFBC}") = "KolejarzUI", "KolejarzUI\KolejarzUI.csproj", "{CCA1FF01-4257-4719-B765-CC3C0074F946}"
EndProject
Global
	GlobalSection(SolutionConfigurationPlatforms) = preSolution
		Debug|Any CPU = Debug|Any CPU
		Release|Any CPU = Release|Any CPU
	EndGlobalSection
	GlobalSection(ProjectConfigurationPlatforms) = postSolution
		{CCA1FF01-4257-4719-B765-CC3C0074F946}.Debug|Any CPU.ActiveCfg = Debug|Any CPU
		{CCA1FF01-4257-4719-B765-CC3C0074F946}.Debug|Any CPU.Build.0 = Debug|Any CPU
		{CCA1FF01-4257-4719-B765-CC3C0074F946}.Release|Any CPU.ActiveCfg = Release|Any CPU
		{CCA1FF01-4257-4719-B765-CC3C0074F946}.Release|Any CPU.Build.0 = Release|Any CPU
	EndGlobalSection
	GlobalSection(SolutionProperties) = preSolution
		HideSolutionNode = FALSE
	EndGlobalSection
	GlobalSection(ExtensibilityGlobals) = postSolution
		SolutionGuid = {CDB4A1AA-E381-4A6D-8932-A078464C1AF2}
	EndGlobalSection
EndGlobal
